
Microsoft Visual Studio Solution File, Format Version 12.00
# Visual Studio Version 16
VisualStudioVersion = 16.0.31019.35
MinimumVisualStudioVersion = 10.0.40219.1
Project("{FAE04EC0-301F-11D3-BF4B-00C04F79EFBC}") = "3.8", "3.8\3.8.csproj", "{6C056ED7-8862-410D-A507-6C2394FFBC8A}"
EndProject
Project("{FAE04EC0-301F-11D3-BF4B-00C04F79EFBC}") = "3.9", "3.9\3.9.csproj", "{8EC5338B-9C8D-4A1D-BFA2-FE355B04E0A2}"
EndProject
Project("{FAE04EC0-301F-11D3-BF4B-00C04F79EFBC}") = "3.10", "3.10\3.10.csproj", "{397320EA-B490-4072-A41F-ED5EA2E70A80}"
EndProject
Project("{FAE04EC0-301F-11D3-BF4B-00C04F79EFBC}") = "3.13b", "3.13b\3.13b.csproj", "{0E4D03B8-7B87-4A1A-86BD-0B4A19558054}"
EndProject
Project("{FAE04EC0-301F-11D3-BF4B-00C04F79EFBC}") = "3.13c", "3.13c\3.13c.csproj", "{E5990B0A-4430-447B-A8F7-B9E1A97A3484}"
EndProject
Project("{FAE04EC0-301F-11D3-BF4B-00C04F79EFBC}") = "3.16", "3.16\3.16.csproj", "{CD47125E-7CE6-4677-86F9-0B060FB82F21}"
EndProject
Project("{FAE04EC0-301F-11D3-BF4B-00C04F79EFBC}") = "3.24", "3.24\3.24.csproj", "{8DCA3DEC-4841-4C75-B1DA-7C0AA5A8A89E}"
EndProject
Project("{FAE04EC0-301F-11D3-BF4B-00C04F79EFBC}") = "4.6 - 4.7", "4.6\4.6 - 4.7.csproj", "{F40A4ED6-43D1-496B-AA10-4845E30DF3CA}"
EndProject
Project("{FAE04EC0-301F-11D3-BF4B-00C04F79EFBC}") = "4.10", "4.10\4.10.csproj", "{5F2B3F40-F581-4969-887C-3D6669353807}"
EndProject
Project("{FAE04EC0-301F-11D3-BF4B-00C04F79EFBC}") = "4.12", "4.12\4.12.csproj", "{4720750B-79DE-4368-99C7-90FB6639B1A9}"
EndProject
Project("{FAE04EC0-301F-11D3-BF4B-00C04F79EFBC}") = "3.13a", "3.13a\3.13a.csproj", "{5AA88D61-0C8B-48F6-BAD4-4EF1973440A3}"
EndProject
Project("{FAE04EC0-301F-11D3-BF4B-00C04F79EFBC}") = "3.15", "3.15\3.15.csproj", "{EACF8319-95F3-4BFE-91D1-32525F5C379D}"
EndProject
Project("{FAE04EC0-301F-11D3-BF4B-00C04F79EFBC}") = "3.7", "3.7\3.7.csproj", "{C9946EE3-8FB1-4B84-8A90-F33F4DFDF1B4}"
EndProject
Project("{FAE04EC0-301F-11D3-BF4B-00C04F79EFBC}") = "3.18", "3.18\3.18.csproj", "{4FD85535-71A2-4EDA-A336-C6885FEABED6}"
EndProject
Project("{FAE04EC0-301F-11D3-BF4B-00C04F79EFBC}") = "5.13", "5.13\5.13.csproj", "{4A1A60E4-F1DA-4F8E-BEE5-01F317E1E8E7}"
EndProject
Project("{FAE04EC0-301F-11D3-BF4B-00C04F79EFBC}") = "5.14", "5.14\5.14.csproj", "{FD47E0EB-6464-462B-A3D9-7FA04F09D8F1}"
EndProject
Project("{FAE04EC0-301F-11D3-BF4B-00C04F79EFBC}") = "5.15", "5.15\5.15.csproj", "{AB73962E-DBA2-465F-9884-2E5C997BB8B4}"
EndProject
Project("{FAE04EC0-301F-11D3-BF4B-00C04F79EFBC}") = "5.16", "5.16\5.16.csproj", "{3B220759-B67C-4DF9-8392-352DC5C98913}"
EndProject
Project("{FAE04EC0-301F-11D3-BF4B-00C04F79EFBC}") = "5.19", "5.19\5.19.csproj", "{B600C596-5DFB-4CCE-91F9-244CC78208EA}"
EndProject
Project("{FAE04EC0-301F-11D3-BF4B-00C04F79EFBC}") = "5.21", "5.21\5.21.csproj", "{7AE61B48-92C1-41E9-BA09-5D2445421281}"
EndProject
Project("{FAE04EC0-301F-11D3-BF4B-00C04F79EFBC}") = "5.22", "5.22\5.22.csproj", "{32142ECF-F915-4BF0-9B89-88FE5D8F6191}"
EndProject
Project("{FAE04EC0-301F-11D3-BF4B-00C04F79EFBC}") = "5.25", "5.25\5.25.csproj", "{8289CB80-829C-4F24-80E5-EDB6BEFB0F08}"
EndProject
Project("{FAE04EC0-301F-11D3-BF4B-00C04F79EFBC}") = "5.27", "5.27\5.27.csproj", "{05E08C85-68CC-4F83-A26E-7EB14FC86FCC}"
EndProject
Project("{FAE04EC0-301F-11D3-BF4B-00C04F79EFBC}") = "5.30", "5.30\5.30.csproj", "{87AC5D1E-C33F-427B-AFC1-4838201F5ABE}"
EndProject
Project("{FAE04EC0-301F-11D3-BF4B-00C04F79EFBC}") = "5.37", "5.37\5.37.csproj", "{CC26423D-2C5E-4598-92DE-E1E2E6119486}"
EndProject
Project("{FAE04EC0-301F-11D3-BF4B-00C04F79EFBC}") = "6.5", "6.5\6.5.csproj", "{E49A18C8-30C3-4009-B6A6-A81B532F952D}"
EndProject
Project("{FAE04EC0-301F-11D3-BF4B-00C04F79EFBC}") = "6.6", "6.6\6.6.csproj", "{97B416BA-0DD3-4F33-9A09-8F9EC85FBAC7}"
EndProject
Project("{FAE04EC0-301F-11D3-BF4B-00C04F79EFBC}") = "6.9", "6.9\6.9.csproj", "{A973C393-98A7-413A-92C5-454DA8CD668D}"
EndProject
Project("{FAE04EC0-301F-11D3-BF4B-00C04F79EFBC}") = "6.10", "6.10\6.10.csproj", "{4B1EC51D-F473-40C3-8C1C-9F49BAA24941}"
EndProject
Project("{FAE04EC0-301F-11D3-BF4B-00C04F79EFBC}") = "6.11", "6.11\6.11.csproj", "{95013DD3-88EE-4853-A2BA-7A2DB46B45D6}"
EndProject
Project("{FAE04EC0-301F-11D3-BF4B-00C04F79EFBC}") = "6.15", "6.16\6.15.csproj", "{4739CE5A-9A2D-45DA-B489-1FC76F5B6F75}"
EndProject
Project("{FAE04EC0-301F-11D3-BF4B-00C04F79EFBC}") = "6.21", "6.21\6.21.csproj", "{A59D5864-6B72-4256-9542-601043971F12}"
EndProject
Project("{FAE04EC0-301F-11D3-BF4B-00C04F79EFBC}") = "6.23", "6.23\6.23.csproj", "{5B41F0A5-59DC-4F84-9D8A-F27C31B8D631}"
EndProject
Project("{FAE04EC0-301F-11D3-BF4B-00C04F79EFBC}") = "6.26", "6.26\6.26.csproj", "{D73CAA4A-0CC3-4B97-9EF7-0BC5668B2122}"
EndProject
Project("{FAE04EC0-301F-11D3-BF4B-00C04F79EFBC}") = "7.7", "7.1\7.7.csproj", "{9739556F-8FFF-4F68-B370-F56D28051770}"
EndProject
Project("{FAE04EC0-301F-11D3-BF4B-00C04F79EFBC}") = "7.12", "7.12\7.12.csproj", "{D92F7DA4-3C4A-4440-A391-FD1E0763C605}"
EndProject
Project("{FAE04EC0-301F-11D3-BF4B-00C04F79EFBC}") = "7.13", "7.13\7.13.csproj", "{A8E844A4-883F-49CB-ACDB-71408AC3ECD7}"
EndProject
Project("{FAE04EC0-301F-11D3-BF4B-00C04F79EFBC}") = "7.14", "7.14\7.14.csproj", "{6DE0A549-CAB9-45C2-8BC8-4611A4C06333}"
EndProject
Project("{FAE04EC0-301F-11D3-BF4B-00C04F79EFBC}") = "7.17", "7.17\7.17.csproj", "{20225DA3-B7E2-48AD-9DE6-82EDF6787850}"
EndProject
Project("{FAE04EC0-301F-11D3-BF4B-00C04F79EFBC}") = "7.19", "7.19\7.19.csproj", "{3C984F07-A3F3-499D-B8E7-B92AEBBBAAC0}"
EndProject
Project("{FAE04EC0-301F-11D3-BF4B-00C04F79EFBC}") = "7.21", "7.21\7.21.csproj", "{E2071DF3-234E-4AC9-89E4-A71837178631}"
EndProject
Project("{FAE04EC0-301F-11D3-BF4B-00C04F79EFBC}") = "7.25", "7.25\7.25.csproj", "{0948069B-E85C-4812-879B-BF16A721D378}"
EndProject
Project("{FAE04EC0-301F-11D3-BF4B-00C04F79EFBC}") = "7.26", "7.26\7.26.csproj", "{2F0072FD-7D3C-417B-88A5-8B87C095569F}"
EndProject
Project("{FAE04EC0-301F-11D3-BF4B-00C04F79EFBC}") = "7.27", "7.27\7.27.csproj", "{761D0207-0A77-45CC-8B4F-DA699FB21E68}"
EndProject
Project("{FAE04EC0-301F-11D3-BF4B-00C04F79EFBC}") = "7.31", "ConsoleApp1\7.31.csproj", "{47529261-79EE-48A5-8317-CDBDE24F1844}"
EndProject
Project("{FAE04EC0-301F-11D3-BF4B-00C04F79EFBC}") = "7.30", "..\Projects\7.30\7.30.csproj", "{AB1C8D12-97A8-4CEC-BDB3-C2A48E9163A9}"
EndProject
Project("{FAE04EC0-301F-11D3-BF4B-00C04F79EFBC}") = "7.32", "7.32\7.32.csproj", "{DAB79E24-4090-4796-9428-5A157A65C350}"
EndProject
Project("{FAE04EC0-301F-11D3-BF4B-00C04F79EFBC}") = "7.34", "7.34\7.34.csproj", "{CFE19F00-12C9-4046-A373-7F3EC443674B}"
EndProject
Project("{FAE04EC0-301F-11D3-BF4B-00C04F79EFBC}") = "7.37", "7.37\7.37.csproj", "{B576EA42-59F2-4B5B-BAD4-3367EE0E0DBB}"
EndProject
Project("{FAE04EC0-301F-11D3-BF4B-00C04F79EFBC}") = "8.7", "8.7\8.7.csproj", "{5AC9B101-1FBA-49D5-90A6-CB684FD6967C}"
EndProject
Project("{FAE04EC0-301F-11D3-BF4B-00C04F79EFBC}") = "8.8", "8.8\8.8.csproj", "{BE33B304-555D-4567-AE23-F198F818873B}"
EndProject
Project("{FAE04EC0-301F-11D3-BF4B-00C04F79EFBC}") = "8.9", "8.9\8.9.csproj", "{A1C81928-953C-4CC6-B260-A7786737B89D}"
EndProject
Project("{FAE04EC0-301F-11D3-BF4B-00C04F79EFBC}") = "8.12", "8.12\8.12.csproj", "{1C085631-01CF-472F-8913-2D2DDF7D62FE}"
EndProject
Project("{FAE04EC0-301F-11D3-BF4B-00C04F79EFBC}") = "8.14", "8.14\8.14.csproj", "{92023731-C962-464D-9AEA-DB413E6D3449}"
EndProject
Project("{FAE04EC0-301F-11D3-BF4B-00C04F79EFBC}") = "8.17", "8.17\8.17.csproj", "{3C2A9A65-F5CF-47E2-AE3A-2E9B98BE3541}"
EndProject
Project("{FAE04EC0-301F-11D3-BF4B-00C04F79EFBC}") = "8.27", "8.27\8.27.csproj", "{C4FD00BF-CA05-452E-9001-73801604A98B}"
EndProject
Project("{FAE04EC0-301F-11D3-BF4B-00C04F79EFBC}") = "8.29", "8.29\8.29.csproj", "{B294A29A-B838-4A0C-9C66-E879DE8EEFF4}"
EndProject
Project("{FAE04EC0-301F-11D3-BF4B-00C04F79EFBC}") = "9,4", "9,4\9,4.csproj", "{A5279B17-D2FF-4982-9FF2-458DAE47CCBA}"
EndProject
Project("{FAE04EC0-301F-11D3-BF4B-00C04F79EFBC}") = "9.5", "9.5\9.5.csproj", "{CFBD5796-4BB5-47D0-80EE-97C5852A86E5}"
EndProject
Project("{FAE04EC0-301F-11D3-BF4B-00C04F79EFBC}") = "10.3", "10.3\10.3.csproj", "{787BEE7C-BF6D-49B1-9D95-DFB8A74F5DB2}"
EndProject
Project("{FAE04EC0-301F-11D3-BF4B-00C04F79EFBC}") = "10.4", "10.4\10.4.csproj", "{ACA8AF22-28E0-467A-B733-136BEDF8D3A1}"
EndProject
Project("{FAE04EC0-301F-11D3-BF4B-00C04F79EFBC}") = "10.6", "10.6\10.6.csproj", "{1957C204-D206-4974-904E-BF435978AD3E}"
EndProject
Project("{FAE04EC0-301F-11D3-BF4B-00C04F79EFBC}") = "10.8", "10.8\10.8.csproj", "{4DCB9CF7-8FF6-426C-8137-ECAFB8ACF106}"
EndProject
Project("{FAE04EC0-301F-11D3-BF4B-00C04F79EFBC}") = "12.11", "12.11\12.11.csproj", "{9E365884-C4AB-4E45-9444-C108D4C51F50}"
EndProject
Project("{FAE04EC0-301F-11D3-BF4B-00C04F79EFBC}") = "12.13", "11.8\12.13.csproj", "{8653EC68-94F8-4155-98AC-D8998221B68C}"
EndProject
Project("{FAE04EC0-301F-11D3-BF4B-00C04F79EFBC}") = "11.5", "11.5\11.5.csproj", "{CF8D620C-44A9-44F7-AFF2-D7E1F1622E81}"
EndProject
Project("{FAE04EC0-301F-11D3-BF4B-00C04F79EFBC}") = "10.9", "10.9\10.9.csproj", "{5F2D6343-042F-4C8B-9A40-47F6F3175BFA}"
EndProject
Project("{FAE04EC0-301F-11D3-BF4B-00C04F79EFBC}") = "13.6", "13.6\13.6.csproj", "{0F028790-D541-4660-B952-F184F91E9994}"
EndProject
Project("{FAE04EC0-301F-11D3-BF4B-00C04F79EFBC}") = "13.7", "13.7\13.7.csproj", "{7FCA7605-C53C-4712-B732-B7A3112DA023}"
EndProject
Project("{FAE04EC0-301F-11D3-BF4B-00C04F79EFBC}") = "13.10", "13.10\13.10.csproj", "{823DCCFD-242B-4DF0-9F98-E11BB8BDEDE0}"
EndProject
Project("{FAE04EC0-301F-11D3-BF4B-00C04F79EFBC}") = "16.6", "16.6\16.6.csproj", "{BC78A5E3-475F-4435-A0F5-2B55D2A5AE71}"
EndProject
Project("{FAE04EC0-301F-11D3-BF4B-00C04F79EFBC}") = "17.8", "17.8\17.8.csproj", "{AB3FC9BD-C3B1-4517-9C57-1931FB99B8C4}"
EndProject
Project("{FAE04EC0-301F-11D3-BF4B-00C04F79EFBC}") = "18.6", "18.6\18.6.csproj", "{AC88E038-855C-423A-A3A0-E6C25EECA673}"
EndProject
Project("{FAE04EC0-301F-11D3-BF4B-00C04F79EFBC}") = "18.5", "18.5\18.5.csproj", "{8E23C8BF-EB1D-4E80-97DF-B2E94502F3B4}"
EndProject
Project("{FAE04EC0-301F-11D3-BF4B-00C04F79EFBC}") = "18.10", "18.10\18.10.csproj", "{650B0622-1820-45BA-A47B-71031CC006C4}"
EndProject
Project("{FAE04EC0-301F-11D3-BF4B-00C04F79EFBC}") = "19.4", "19.4\19.4.csproj", "{81BF3833-4241-4EF6-B6D3-DC96CBE65C57}"
EndProject
Project("{FAE04EC0-301F-11D3-BF4B-00C04F79EFBC}") = "19.5", "19.5\19.5.csproj", "{BBFFB5CF-D40D-4DE9-A744-251B2E4A7D46}"
EndProject
Project("{FAE04EC0-301F-11D3-BF4B-00C04F79EFBC}") = "19.8", "19.8\19.8.csproj", "{A0889129-C57E-4578-BC27-9AF0E1A2F03C}"
EndProject
Project("{FAE04EC0-301F-11D3-BF4B-00C04F79EFBC}") = "20.7", "20.7\20.7.csproj", "{66E74E40-EDD5-4553-A532-C729487C3B93}"
EndProject
Project("{FAE04EC0-301F-11D3-BF4B-00C04F79EFBC}") = "20,8", "20,8\20,8.csproj", "{87C8F5BA-D4AD-48D1-8E10-F930349DA6F2}"
EndProject
Project("{FAE04EC0-301F-11D3-BF4B-00C04F79EFBC}") = "20.13", "20.13\20.13.csproj", "{B0588D65-35E8-4726-BE0D-7669A36FCC01}"
EndProject
Project("{FAE04EC0-301F-11D3-BF4B-00C04F79EFBC}") = "20.12", "21\20.12.csproj", "{8B3D96B3-EA70-4A0E-BA6B-9B60FB184CD1}"
EndProject
Project("{FAE04EC0-301F-11D3-BF4B-00C04F79EFBC}") = "21.3-21.4-21.8-21.9", "21.3-21.4\21.3-21.4-21.8-21.9.csproj", "{71F323A6-B43B-411F-B09E-D8152368A601}"
EndProject
Project("{FAE04EC0-301F-11D3-BF4B-00C04F79EFBC}") = "21.11", "21.11\21.11.csproj", "{33ED04BD-40F1-4649-B70E-01E548D86584}"
EndProject
Project("{FAE04EC0-301F-11D3-BF4B-00C04F79EFBC}") = "21.15", "23.13\21.15.csproj", "{4101F062-F079-42A3-881A-C6E059D7DDC1}"
EndProject
Project("{FAE04EC0-301F-11D3-BF4B-00C04F79EFBC}") = "21.16", "21.16\21.16.csproj", "{1B35E6E2-2C44-40F9-91DB-26E4583BB94A}"
EndProject
Global
	GlobalSection(SolutionConfigurationPlatforms) = preSolution
		Debug|Any CPU = Debug|Any CPU
		Release|Any CPU = Release|Any CPU
	EndGlobalSection
	GlobalSection(ProjectConfigurationPlatforms) = postSolution
		{6C056ED7-8862-410D-A507-6C2394FFBC8A}.Debug|Any CPU.ActiveCfg = Debug|Any CPU
		{6C056ED7-8862-410D-A507-6C2394FFBC8A}.Debug|Any CPU.Build.0 = Debug|Any CPU
		{6C056ED7-8862-410D-A507-6C2394FFBC8A}.Release|Any CPU.ActiveCfg = Release|Any CPU
		{6C056ED7-8862-410D-A507-6C2394FFBC8A}.Release|Any CPU.Build.0 = Release|Any CPU
		{8EC5338B-9C8D-4A1D-BFA2-FE355B04E0A2}.Debug|Any CPU.ActiveCfg = Debug|Any CPU
		{8EC5338B-9C8D-4A1D-BFA2-FE355B04E0A2}.Debug|Any CPU.Build.0 = Debug|Any CPU
		{8EC5338B-9C8D-4A1D-BFA2-FE355B04E0A2}.Release|Any CPU.ActiveCfg = Release|Any CPU
		{8EC5338B-9C8D-4A1D-BFA2-FE355B04E0A2}.Release|Any CPU.Build.0 = Release|Any CPU
		{397320EA-B490-4072-A41F-ED5EA2E70A80}.Debug|Any CPU.ActiveCfg = Debug|Any CPU
		{397320EA-B490-4072-A41F-ED5EA2E70A80}.Debug|Any CPU.Build.0 = Debug|Any CPU
		{397320EA-B490-4072-A41F-ED5EA2E70A80}.Release|Any CPU.ActiveCfg = Release|Any CPU
		{397320EA-B490-4072-A41F-ED5EA2E70A80}.Release|Any CPU.Build.0 = Release|Any CPU
		{0E4D03B8-7B87-4A1A-86BD-0B4A19558054}.Debug|Any CPU.ActiveCfg = Debug|Any CPU
		{0E4D03B8-7B87-4A1A-86BD-0B4A19558054}.Debug|Any CPU.Build.0 = Debug|Any CPU
		{0E4D03B8-7B87-4A1A-86BD-0B4A19558054}.Release|Any CPU.ActiveCfg = Release|Any CPU
		{0E4D03B8-7B87-4A1A-86BD-0B4A19558054}.Release|Any CPU.Build.0 = Release|Any CPU
		{E5990B0A-4430-447B-A8F7-B9E1A97A3484}.Debug|Any CPU.ActiveCfg = Debug|Any CPU
		{E5990B0A-4430-447B-A8F7-B9E1A97A3484}.Debug|Any CPU.Build.0 = Debug|Any CPU
		{E5990B0A-4430-447B-A8F7-B9E1A97A3484}.Release|Any CPU.ActiveCfg = Release|Any CPU
		{E5990B0A-4430-447B-A8F7-B9E1A97A3484}.Release|Any CPU.Build.0 = Release|Any CPU
		{CD47125E-7CE6-4677-86F9-0B060FB82F21}.Debug|Any CPU.ActiveCfg = Debug|Any CPU
		{CD47125E-7CE6-4677-86F9-0B060FB82F21}.Debug|Any CPU.Build.0 = Debug|Any CPU
		{CD47125E-7CE6-4677-86F9-0B060FB82F21}.Release|Any CPU.ActiveCfg = Release|Any CPU
		{CD47125E-7CE6-4677-86F9-0B060FB82F21}.Release|Any CPU.Build.0 = Release|Any CPU
		{8DCA3DEC-4841-4C75-B1DA-7C0AA5A8A89E}.Debug|Any CPU.ActiveCfg = Debug|Any CPU
		{8DCA3DEC-4841-4C75-B1DA-7C0AA5A8A89E}.Debug|Any CPU.Build.0 = Debug|Any CPU
		{8DCA3DEC-4841-4C75-B1DA-7C0AA5A8A89E}.Release|Any CPU.ActiveCfg = Release|Any CPU
		{8DCA3DEC-4841-4C75-B1DA-7C0AA5A8A89E}.Release|Any CPU.Build.0 = Release|Any CPU
		{F40A4ED6-43D1-496B-AA10-4845E30DF3CA}.Debug|Any CPU.ActiveCfg = Debug|Any CPU
		{F40A4ED6-43D1-496B-AA10-4845E30DF3CA}.Debug|Any CPU.Build.0 = Debug|Any CPU
		{F40A4ED6-43D1-496B-AA10-4845E30DF3CA}.Release|Any CPU.ActiveCfg = Release|Any CPU
		{F40A4ED6-43D1-496B-AA10-4845E30DF3CA}.Release|Any CPU.Build.0 = Release|Any CPU
		{5F2B3F40-F581-4969-887C-3D6669353807}.Debug|Any CPU.ActiveCfg = Debug|Any CPU
		{5F2B3F40-F581-4969-887C-3D6669353807}.Debug|Any CPU.Build.0 = Debug|Any CPU
		{5F2B3F40-F581-4969-887C-3D6669353807}.Release|Any CPU.ActiveCfg = Release|Any CPU
		{5F2B3F40-F581-4969-887C-3D6669353807}.Release|Any CPU.Build.0 = Release|Any CPU
		{4720750B-79DE-4368-99C7-90FB6639B1A9}.Debug|Any CPU.ActiveCfg = Debug|Any CPU
		{4720750B-79DE-4368-99C7-90FB6639B1A9}.Debug|Any CPU.Build.0 = Debug|Any CPU
		{4720750B-79DE-4368-99C7-90FB6639B1A9}.Release|Any CPU.ActiveCfg = Release|Any CPU
		{4720750B-79DE-4368-99C7-90FB6639B1A9}.Release|Any CPU.Build.0 = Release|Any CPU
		{5AA88D61-0C8B-48F6-BAD4-4EF1973440A3}.Debug|Any CPU.ActiveCfg = Debug|Any CPU
		{5AA88D61-0C8B-48F6-BAD4-4EF1973440A3}.Debug|Any CPU.Build.0 = Debug|Any CPU
		{5AA88D61-0C8B-48F6-BAD4-4EF1973440A3}.Release|Any CPU.ActiveCfg = Release|Any CPU
		{5AA88D61-0C8B-48F6-BAD4-4EF1973440A3}.Release|Any CPU.Build.0 = Release|Any CPU
		{EACF8319-95F3-4BFE-91D1-32525F5C379D}.Debug|Any CPU.ActiveCfg = Debug|Any CPU
		{EACF8319-95F3-4BFE-91D1-32525F5C379D}.Debug|Any CPU.Build.0 = Debug|Any CPU
		{EACF8319-95F3-4BFE-91D1-32525F5C379D}.Release|Any CPU.ActiveCfg = Release|Any CPU
		{EACF8319-95F3-4BFE-91D1-32525F5C379D}.Release|Any CPU.Build.0 = Release|Any CPU
		{C9946EE3-8FB1-4B84-8A90-F33F4DFDF1B4}.Debug|Any CPU.ActiveCfg = Debug|Any CPU
		{C9946EE3-8FB1-4B84-8A90-F33F4DFDF1B4}.Debug|Any CPU.Build.0 = Debug|Any CPU
		{C9946EE3-8FB1-4B84-8A90-F33F4DFDF1B4}.Release|Any CPU.ActiveCfg = Release|Any CPU
		{C9946EE3-8FB1-4B84-8A90-F33F4DFDF1B4}.Release|Any CPU.Build.0 = Release|Any CPU
		{4FD85535-71A2-4EDA-A336-C6885FEABED6}.Debug|Any CPU.ActiveCfg = Debug|Any CPU
		{4FD85535-71A2-4EDA-A336-C6885FEABED6}.Debug|Any CPU.Build.0 = Debug|Any CPU
		{4FD85535-71A2-4EDA-A336-C6885FEABED6}.Release|Any CPU.ActiveCfg = Release|Any CPU
		{4FD85535-71A2-4EDA-A336-C6885FEABED6}.Release|Any CPU.Build.0 = Release|Any CPU
		{4A1A60E4-F1DA-4F8E-BEE5-01F317E1E8E7}.Debug|Any CPU.ActiveCfg = Debug|Any CPU
		{4A1A60E4-F1DA-4F8E-BEE5-01F317E1E8E7}.Debug|Any CPU.Build.0 = Debug|Any CPU
		{4A1A60E4-F1DA-4F8E-BEE5-01F317E1E8E7}.Release|Any CPU.ActiveCfg = Release|Any CPU
		{4A1A60E4-F1DA-4F8E-BEE5-01F317E1E8E7}.Release|Any CPU.Build.0 = Release|Any CPU
		{FD47E0EB-6464-462B-A3D9-7FA04F09D8F1}.Debug|Any CPU.ActiveCfg = Debug|Any CPU
		{FD47E0EB-6464-462B-A3D9-7FA04F09D8F1}.Debug|Any CPU.Build.0 = Debug|Any CPU
		{FD47E0EB-6464-462B-A3D9-7FA04F09D8F1}.Release|Any CPU.ActiveCfg = Release|Any CPU
		{FD47E0EB-6464-462B-A3D9-7FA04F09D8F1}.Release|Any CPU.Build.0 = Release|Any CPU
		{AB73962E-DBA2-465F-9884-2E5C997BB8B4}.Debug|Any CPU.ActiveCfg = Debug|Any CPU
		{AB73962E-DBA2-465F-9884-2E5C997BB8B4}.Debug|Any CPU.Build.0 = Debug|Any CPU
		{AB73962E-DBA2-465F-9884-2E5C997BB8B4}.Release|Any CPU.ActiveCfg = Release|Any CPU
		{AB73962E-DBA2-465F-9884-2E5C997BB8B4}.Release|Any CPU.Build.0 = Release|Any CPU
		{3B220759-B67C-4DF9-8392-352DC5C98913}.Debug|Any CPU.ActiveCfg = Debug|Any CPU
		{3B220759-B67C-4DF9-8392-352DC5C98913}.Debug|Any CPU.Build.0 = Debug|Any CPU
		{3B220759-B67C-4DF9-8392-352DC5C98913}.Release|Any CPU.ActiveCfg = Release|Any CPU
		{3B220759-B67C-4DF9-8392-352DC5C98913}.Release|Any CPU.Build.0 = Release|Any CPU
		{B600C596-5DFB-4CCE-91F9-244CC78208EA}.Debug|Any CPU.ActiveCfg = Debug|Any CPU
		{B600C596-5DFB-4CCE-91F9-244CC78208EA}.Debug|Any CPU.Build.0 = Debug|Any CPU
		{B600C596-5DFB-4CCE-91F9-244CC78208EA}.Release|Any CPU.ActiveCfg = Release|Any CPU
		{B600C596-5DFB-4CCE-91F9-244CC78208EA}.Release|Any CPU.Build.0 = Release|Any CPU
		{7AE61B48-92C1-41E9-BA09-5D2445421281}.Debug|Any CPU.ActiveCfg = Debug|Any CPU
		{7AE61B48-92C1-41E9-BA09-5D2445421281}.Debug|Any CPU.Build.0 = Debug|Any CPU
		{7AE61B48-92C1-41E9-BA09-5D2445421281}.Release|Any CPU.ActiveCfg = Release|Any CPU
		{7AE61B48-92C1-41E9-BA09-5D2445421281}.Release|Any CPU.Build.0 = Release|Any CPU
		{32142ECF-F915-4BF0-9B89-88FE5D8F6191}.Debug|Any CPU.ActiveCfg = Debug|Any CPU
		{32142ECF-F915-4BF0-9B89-88FE5D8F6191}.Debug|Any CPU.Build.0 = Debug|Any CPU
		{32142ECF-F915-4BF0-9B89-88FE5D8F6191}.Release|Any CPU.ActiveCfg = Release|Any CPU
		{32142ECF-F915-4BF0-9B89-88FE5D8F6191}.Release|Any CPU.Build.0 = Release|Any CPU
		{8289CB80-829C-4F24-80E5-EDB6BEFB0F08}.Debug|Any CPU.ActiveCfg = Debug|Any CPU
		{8289CB80-829C-4F24-80E5-EDB6BEFB0F08}.Debug|Any CPU.Build.0 = Debug|Any CPU
		{8289CB80-829C-4F24-80E5-EDB6BEFB0F08}.Release|Any CPU.ActiveCfg = Release|Any CPU
		{8289CB80-829C-4F24-80E5-EDB6BEFB0F08}.Release|Any CPU.Build.0 = Release|Any CPU
		{05E08C85-68CC-4F83-A26E-7EB14FC86FCC}.Debug|Any CPU.ActiveCfg = Debug|Any CPU
		{05E08C85-68CC-4F83-A26E-7EB14FC86FCC}.Debug|Any CPU.Build.0 = Debug|Any CPU
		{05E08C85-68CC-4F83-A26E-7EB14FC86FCC}.Release|Any CPU.ActiveCfg = Release|Any CPU
		{05E08C85-68CC-4F83-A26E-7EB14FC86FCC}.Release|Any CPU.Build.0 = Release|Any CPU
		{87AC5D1E-C33F-427B-AFC1-4838201F5ABE}.Debug|Any CPU.ActiveCfg = Debug|Any CPU
		{87AC5D1E-C33F-427B-AFC1-4838201F5ABE}.Debug|Any CPU.Build.0 = Debug|Any CPU
		{87AC5D1E-C33F-427B-AFC1-4838201F5ABE}.Release|Any CPU.ActiveCfg = Release|Any CPU
		{87AC5D1E-C33F-427B-AFC1-4838201F5ABE}.Release|Any CPU.Build.0 = Release|Any CPU
		{CC26423D-2C5E-4598-92DE-E1E2E6119486}.Debug|Any CPU.ActiveCfg = Debug|Any CPU
		{CC26423D-2C5E-4598-92DE-E1E2E6119486}.Debug|Any CPU.Build.0 = Debug|Any CPU
		{CC26423D-2C5E-4598-92DE-E1E2E6119486}.Release|Any CPU.ActiveCfg = Release|Any CPU
		{CC26423D-2C5E-4598-92DE-E1E2E6119486}.Release|Any CPU.Build.0 = Release|Any CPU
		{E49A18C8-30C3-4009-B6A6-A81B532F952D}.Debug|Any CPU.ActiveCfg = Debug|Any CPU
		{E49A18C8-30C3-4009-B6A6-A81B532F952D}.Debug|Any CPU.Build.0 = Debug|Any CPU
		{E49A18C8-30C3-4009-B6A6-A81B532F952D}.Release|Any CPU.ActiveCfg = Release|Any CPU
		{E49A18C8-30C3-4009-B6A6-A81B532F952D}.Release|Any CPU.Build.0 = Release|Any CPU
		{97B416BA-0DD3-4F33-9A09-8F9EC85FBAC7}.Debug|Any CPU.ActiveCfg = Debug|Any CPU
		{97B416BA-0DD3-4F33-9A09-8F9EC85FBAC7}.Debug|Any CPU.Build.0 = Debug|Any CPU
		{97B416BA-0DD3-4F33-9A09-8F9EC85FBAC7}.Release|Any CPU.ActiveCfg = Release|Any CPU
		{97B416BA-0DD3-4F33-9A09-8F9EC85FBAC7}.Release|Any CPU.Build.0 = Release|Any CPU
		{A973C393-98A7-413A-92C5-454DA8CD668D}.Debug|Any CPU.ActiveCfg = Debug|Any CPU
		{A973C393-98A7-413A-92C5-454DA8CD668D}.Debug|Any CPU.Build.0 = Debug|Any CPU
		{A973C393-98A7-413A-92C5-454DA8CD668D}.Release|Any CPU.ActiveCfg = Release|Any CPU
		{A973C393-98A7-413A-92C5-454DA8CD668D}.Release|Any CPU.Build.0 = Release|Any CPU
		{4B1EC51D-F473-40C3-8C1C-9F49BAA24941}.Debug|Any CPU.ActiveCfg = Debug|Any CPU
		{4B1EC51D-F473-40C3-8C1C-9F49BAA24941}.Debug|Any CPU.Build.0 = Debug|Any CPU
		{4B1EC51D-F473-40C3-8C1C-9F49BAA24941}.Release|Any CPU.ActiveCfg = Release|Any CPU
		{4B1EC51D-F473-40C3-8C1C-9F49BAA24941}.Release|Any CPU.Build.0 = Release|Any CPU
		{95013DD3-88EE-4853-A2BA-7A2DB46B45D6}.Debug|Any CPU.ActiveCfg = Debug|Any CPU
		{95013DD3-88EE-4853-A2BA-7A2DB46B45D6}.Debug|Any CPU.Build.0 = Debug|Any CPU
		{95013DD3-88EE-4853-A2BA-7A2DB46B45D6}.Release|Any CPU.ActiveCfg = Release|Any CPU
		{95013DD3-88EE-4853-A2BA-7A2DB46B45D6}.Release|Any CPU.Build.0 = Release|Any CPU
		{4739CE5A-9A2D-45DA-B489-1FC76F5B6F75}.Debug|Any CPU.ActiveCfg = Debug|Any CPU
		{4739CE5A-9A2D-45DA-B489-1FC76F5B6F75}.Debug|Any CPU.Build.0 = Debug|Any CPU
		{4739CE5A-9A2D-45DA-B489-1FC76F5B6F75}.Release|Any CPU.ActiveCfg = Release|Any CPU
		{4739CE5A-9A2D-45DA-B489-1FC76F5B6F75}.Release|Any CPU.Build.0 = Release|Any CPU
		{A59D5864-6B72-4256-9542-601043971F12}.Debug|Any CPU.ActiveCfg = Debug|Any CPU
		{A59D5864-6B72-4256-9542-601043971F12}.Debug|Any CPU.Build.0 = Debug|Any CPU
		{A59D5864-6B72-4256-9542-601043971F12}.Release|Any CPU.ActiveCfg = Release|Any CPU
		{A59D5864-6B72-4256-9542-601043971F12}.Release|Any CPU.Build.0 = Release|Any CPU
		{5B41F0A5-59DC-4F84-9D8A-F27C31B8D631}.Debug|Any CPU.ActiveCfg = Debug|Any CPU
		{5B41F0A5-59DC-4F84-9D8A-F27C31B8D631}.Debug|Any CPU.Build.0 = Debug|Any CPU
		{5B41F0A5-59DC-4F84-9D8A-F27C31B8D631}.Release|Any CPU.ActiveCfg = Release|Any CPU
		{5B41F0A5-59DC-4F84-9D8A-F27C31B8D631}.Release|Any CPU.Build.0 = Release|Any CPU
		{D73CAA4A-0CC3-4B97-9EF7-0BC5668B2122}.Debug|Any CPU.ActiveCfg = Debug|Any CPU
		{D73CAA4A-0CC3-4B97-9EF7-0BC5668B2122}.Debug|Any CPU.Build.0 = Debug|Any CPU
		{D73CAA4A-0CC3-4B97-9EF7-0BC5668B2122}.Release|Any CPU.ActiveCfg = Release|Any CPU
		{D73CAA4A-0CC3-4B97-9EF7-0BC5668B2122}.Release|Any CPU.Build.0 = Release|Any CPU
		{9739556F-8FFF-4F68-B370-F56D28051770}.Debug|Any CPU.ActiveCfg = Debug|Any CPU
		{9739556F-8FFF-4F68-B370-F56D28051770}.Debug|Any CPU.Build.0 = Debug|Any CPU
		{9739556F-8FFF-4F68-B370-F56D28051770}.Release|Any CPU.ActiveCfg = Release|Any CPU
		{9739556F-8FFF-4F68-B370-F56D28051770}.Release|Any CPU.Build.0 = Release|Any CPU
		{D92F7DA4-3C4A-4440-A391-FD1E0763C605}.Debug|Any CPU.ActiveCfg = Debug|Any CPU
		{D92F7DA4-3C4A-4440-A391-FD1E0763C605}.Debug|Any CPU.Build.0 = Debug|Any CPU
		{D92F7DA4-3C4A-4440-A391-FD1E0763C605}.Release|Any CPU.ActiveCfg = Release|Any CPU
		{D92F7DA4-3C4A-4440-A391-FD1E0763C605}.Release|Any CPU.Build.0 = Release|Any CPU
		{A8E844A4-883F-49CB-ACDB-71408AC3ECD7}.Debug|Any CPU.ActiveCfg = Debug|Any CPU
		{A8E844A4-883F-49CB-ACDB-71408AC3ECD7}.Debug|Any CPU.Build.0 = Debug|Any CPU
		{A8E844A4-883F-49CB-ACDB-71408AC3ECD7}.Release|Any CPU.ActiveCfg = Release|Any CPU
		{A8E844A4-883F-49CB-ACDB-71408AC3ECD7}.Release|Any CPU.Build.0 = Release|Any CPU
		{6DE0A549-CAB9-45C2-8BC8-4611A4C06333}.Debug|Any CPU.ActiveCfg = Debug|Any CPU
		{6DE0A549-CAB9-45C2-8BC8-4611A4C06333}.Debug|Any CPU.Build.0 = Debug|Any CPU
		{6DE0A549-CAB9-45C2-8BC8-4611A4C06333}.Release|Any CPU.ActiveCfg = Release|Any CPU
		{6DE0A549-CAB9-45C2-8BC8-4611A4C06333}.Release|Any CPU.Build.0 = Release|Any CPU
		{20225DA3-B7E2-48AD-9DE6-82EDF6787850}.Debug|Any CPU.ActiveCfg = Debug|Any CPU
		{20225DA3-B7E2-48AD-9DE6-82EDF6787850}.Debug|Any CPU.Build.0 = Debug|Any CPU
		{20225DA3-B7E2-48AD-9DE6-82EDF6787850}.Release|Any CPU.ActiveCfg = Release|Any CPU
		{20225DA3-B7E2-48AD-9DE6-82EDF6787850}.Release|Any CPU.Build.0 = Release|Any CPU
		{3C984F07-A3F3-499D-B8E7-B92AEBBBAAC0}.Debug|Any CPU.ActiveCfg = Debug|Any CPU
		{3C984F07-A3F3-499D-B8E7-B92AEBBBAAC0}.Debug|Any CPU.Build.0 = Debug|Any CPU
		{3C984F07-A3F3-499D-B8E7-B92AEBBBAAC0}.Release|Any CPU.ActiveCfg = Release|Any CPU
		{3C984F07-A3F3-499D-B8E7-B92AEBBBAAC0}.Release|Any CPU.Build.0 = Release|Any CPU
		{E2071DF3-234E-4AC9-89E4-A71837178631}.Debug|Any CPU.ActiveCfg = Debug|Any CPU
		{E2071DF3-234E-4AC9-89E4-A71837178631}.Debug|Any CPU.Build.0 = Debug|Any CPU
		{E2071DF3-234E-4AC9-89E4-A71837178631}.Release|Any CPU.ActiveCfg = Release|Any CPU
		{E2071DF3-234E-4AC9-89E4-A71837178631}.Release|Any CPU.Build.0 = Release|Any CPU
		{0948069B-E85C-4812-879B-BF16A721D378}.Debug|Any CPU.ActiveCfg = Debug|Any CPU
		{0948069B-E85C-4812-879B-BF16A721D378}.Debug|Any CPU.Build.0 = Debug|Any CPU
		{0948069B-E85C-4812-879B-BF16A721D378}.Release|Any CPU.ActiveCfg = Release|Any CPU
		{0948069B-E85C-4812-879B-BF16A721D378}.Release|Any CPU.Build.0 = Release|Any CPU
		{2F0072FD-7D3C-417B-88A5-8B87C095569F}.Debug|Any CPU.ActiveCfg = Debug|Any CPU
		{2F0072FD-7D3C-417B-88A5-8B87C095569F}.Debug|Any CPU.Build.0 = Debug|Any CPU
		{2F0072FD-7D3C-417B-88A5-8B87C095569F}.Release|Any CPU.ActiveCfg = Release|Any CPU
		{2F0072FD-7D3C-417B-88A5-8B87C095569F}.Release|Any CPU.Build.0 = Release|Any CPU
		{761D0207-0A77-45CC-8B4F-DA699FB21E68}.Debug|Any CPU.ActiveCfg = Debug|Any CPU
		{761D0207-0A77-45CC-8B4F-DA699FB21E68}.Debug|Any CPU.Build.0 = Debug|Any CPU
		{761D0207-0A77-45CC-8B4F-DA699FB21E68}.Release|Any CPU.ActiveCfg = Release|Any CPU
		{761D0207-0A77-45CC-8B4F-DA699FB21E68}.Release|Any CPU.Build.0 = Release|Any CPU
		{47529261-79EE-48A5-8317-CDBDE24F1844}.Debug|Any CPU.ActiveCfg = Debug|Any CPU
		{47529261-79EE-48A5-8317-CDBDE24F1844}.Debug|Any CPU.Build.0 = Debug|Any CPU
		{47529261-79EE-48A5-8317-CDBDE24F1844}.Release|Any CPU.ActiveCfg = Release|Any CPU
		{47529261-79EE-48A5-8317-CDBDE24F1844}.Release|Any CPU.Build.0 = Release|Any CPU
		{AB1C8D12-97A8-4CEC-BDB3-C2A48E9163A9}.Debug|Any CPU.ActiveCfg = Debug|Any CPU
		{AB1C8D12-97A8-4CEC-BDB3-C2A48E9163A9}.Debug|Any CPU.Build.0 = Debug|Any CPU
		{AB1C8D12-97A8-4CEC-BDB3-C2A48E9163A9}.Release|Any CPU.ActiveCfg = Release|Any CPU
		{AB1C8D12-97A8-4CEC-BDB3-C2A48E9163A9}.Release|Any CPU.Build.0 = Release|Any CPU
		{DAB79E24-4090-4796-9428-5A157A65C350}.Debug|Any CPU.ActiveCfg = Debug|Any CPU
		{DAB79E24-4090-4796-9428-5A157A65C350}.Debug|Any CPU.Build.0 = Debug|Any CPU
		{DAB79E24-4090-4796-9428-5A157A65C350}.Release|Any CPU.ActiveCfg = Release|Any CPU
		{DAB79E24-4090-4796-9428-5A157A65C350}.Release|Any CPU.Build.0 = Release|Any CPU
		{CFE19F00-12C9-4046-A373-7F3EC443674B}.Debug|Any CPU.ActiveCfg = Debug|Any CPU
		{CFE19F00-12C9-4046-A373-7F3EC443674B}.Debug|Any CPU.Build.0 = Debug|Any CPU
		{CFE19F00-12C9-4046-A373-7F3EC443674B}.Release|Any CPU.ActiveCfg = Release|Any CPU
		{CFE19F00-12C9-4046-A373-7F3EC443674B}.Release|Any CPU.Build.0 = Release|Any CPU
		{B576EA42-59F2-4B5B-BAD4-3367EE0E0DBB}.Debug|Any CPU.ActiveCfg = Debug|Any CPU
		{B576EA42-59F2-4B5B-BAD4-3367EE0E0DBB}.Debug|Any CPU.Build.0 = Debug|Any CPU
		{B576EA42-59F2-4B5B-BAD4-3367EE0E0DBB}.Release|Any CPU.ActiveCfg = Release|Any CPU
		{B576EA42-59F2-4B5B-BAD4-3367EE0E0DBB}.Release|Any CPU.Build.0 = Release|Any CPU
		{5AC9B101-1FBA-49D5-90A6-CB684FD6967C}.Debug|Any CPU.ActiveCfg = Debug|Any CPU
		{5AC9B101-1FBA-49D5-90A6-CB684FD6967C}.Debug|Any CPU.Build.0 = Debug|Any CPU
		{5AC9B101-1FBA-49D5-90A6-CB684FD6967C}.Release|Any CPU.ActiveCfg = Release|Any CPU
		{5AC9B101-1FBA-49D5-90A6-CB684FD6967C}.Release|Any CPU.Build.0 = Release|Any CPU
		{BE33B304-555D-4567-AE23-F198F818873B}.Debug|Any CPU.ActiveCfg = Debug|Any CPU
		{BE33B304-555D-4567-AE23-F198F818873B}.Debug|Any CPU.Build.0 = Debug|Any CPU
		{BE33B304-555D-4567-AE23-F198F818873B}.Release|Any CPU.ActiveCfg = Release|Any CPU
		{BE33B304-555D-4567-AE23-F198F818873B}.Release|Any CPU.Build.0 = Release|Any CPU
		{A1C81928-953C-4CC6-B260-A7786737B89D}.Debug|Any CPU.ActiveCfg = Debug|Any CPU
		{A1C81928-953C-4CC6-B260-A7786737B89D}.Debug|Any CPU.Build.0 = Debug|Any CPU
		{A1C81928-953C-4CC6-B260-A7786737B89D}.Release|Any CPU.ActiveCfg = Release|Any CPU
		{A1C81928-953C-4CC6-B260-A7786737B89D}.Release|Any CPU.Build.0 = Release|Any CPU
		{1C085631-01CF-472F-8913-2D2DDF7D62FE}.Debug|Any CPU.ActiveCfg = Debug|Any CPU
		{1C085631-01CF-472F-8913-2D2DDF7D62FE}.Debug|Any CPU.Build.0 = Debug|Any CPU
		{1C085631-01CF-472F-8913-2D2DDF7D62FE}.Release|Any CPU.ActiveCfg = Release|Any CPU
		{1C085631-01CF-472F-8913-2D2DDF7D62FE}.Release|Any CPU.Build.0 = Release|Any CPU
		{92023731-C962-464D-9AEA-DB413E6D3449}.Debug|Any CPU.ActiveCfg = Debug|Any CPU
		{92023731-C962-464D-9AEA-DB413E6D3449}.Debug|Any CPU.Build.0 = Debug|Any CPU
		{92023731-C962-464D-9AEA-DB413E6D3449}.Release|Any CPU.ActiveCfg = Release|Any CPU
		{92023731-C962-464D-9AEA-DB413E6D3449}.Release|Any CPU.Build.0 = Release|Any CPU
		{3C2A9A65-F5CF-47E2-AE3A-2E9B98BE3541}.Debug|Any CPU.ActiveCfg = Debug|Any CPU
		{3C2A9A65-F5CF-47E2-AE3A-2E9B98BE3541}.Debug|Any CPU.Build.0 = Debug|Any CPU
		{3C2A9A65-F5CF-47E2-AE3A-2E9B98BE3541}.Release|Any CPU.ActiveCfg = Release|Any CPU
		{3C2A9A65-F5CF-47E2-AE3A-2E9B98BE3541}.Release|Any CPU.Build.0 = Release|Any CPU
		{C4FD00BF-CA05-452E-9001-73801604A98B}.Debug|Any CPU.ActiveCfg = Debug|Any CPU
		{C4FD00BF-CA05-452E-9001-73801604A98B}.Debug|Any CPU.Build.0 = Debug|Any CPU
		{C4FD00BF-CA05-452E-9001-73801604A98B}.Release|Any CPU.ActiveCfg = Release|Any CPU
		{C4FD00BF-CA05-452E-9001-73801604A98B}.Release|Any CPU.Build.0 = Release|Any CPU
		{B294A29A-B838-4A0C-9C66-E879DE8EEFF4}.Debug|Any CPU.ActiveCfg = Debug|Any CPU
		{B294A29A-B838-4A0C-9C66-E879DE8EEFF4}.Debug|Any CPU.Build.0 = Debug|Any CPU
		{B294A29A-B838-4A0C-9C66-E879DE8EEFF4}.Release|Any CPU.ActiveCfg = Release|Any CPU
		{B294A29A-B838-4A0C-9C66-E879DE8EEFF4}.Release|Any CPU.Build.0 = Release|Any CPU
		{A5279B17-D2FF-4982-9FF2-458DAE47CCBA}.Debug|Any CPU.ActiveCfg = Debug|Any CPU
		{A5279B17-D2FF-4982-9FF2-458DAE47CCBA}.Debug|Any CPU.Build.0 = Debug|Any CPU
		{A5279B17-D2FF-4982-9FF2-458DAE47CCBA}.Release|Any CPU.ActiveCfg = Release|Any CPU
		{A5279B17-D2FF-4982-9FF2-458DAE47CCBA}.Release|Any CPU.Build.0 = Release|Any CPU
		{CFBD5796-4BB5-47D0-80EE-97C5852A86E5}.Debug|Any CPU.ActiveCfg = Debug|Any CPU
		{CFBD5796-4BB5-47D0-80EE-97C5852A86E5}.Debug|Any CPU.Build.0 = Debug|Any CPU
		{CFBD5796-4BB5-47D0-80EE-97C5852A86E5}.Release|Any CPU.ActiveCfg = Release|Any CPU
		{CFBD5796-4BB5-47D0-80EE-97C5852A86E5}.Release|Any CPU.Build.0 = Release|Any CPU
		{787BEE7C-BF6D-49B1-9D95-DFB8A74F5DB2}.Debug|Any CPU.ActiveCfg = Debug|Any CPU
		{787BEE7C-BF6D-49B1-9D95-DFB8A74F5DB2}.Debug|Any CPU.Build.0 = Debug|Any CPU
		{787BEE7C-BF6D-49B1-9D95-DFB8A74F5DB2}.Release|Any CPU.ActiveCfg = Release|Any CPU
		{787BEE7C-BF6D-49B1-9D95-DFB8A74F5DB2}.Release|Any CPU.Build.0 = Release|Any CPU
		{ACA8AF22-28E0-467A-B733-136BEDF8D3A1}.Debug|Any CPU.ActiveCfg = Debug|Any CPU
		{ACA8AF22-28E0-467A-B733-136BEDF8D3A1}.Debug|Any CPU.Build.0 = Debug|Any CPU
		{ACA8AF22-28E0-467A-B733-136BEDF8D3A1}.Release|Any CPU.ActiveCfg = Release|Any CPU
		{ACA8AF22-28E0-467A-B733-136BEDF8D3A1}.Release|Any CPU.Build.0 = Release|Any CPU
		{1957C204-D206-4974-904E-BF435978AD3E}.Debug|Any CPU.ActiveCfg = Debug|Any CPU
		{1957C204-D206-4974-904E-BF435978AD3E}.Debug|Any CPU.Build.0 = Debug|Any CPU
		{1957C204-D206-4974-904E-BF435978AD3E}.Release|Any CPU.ActiveCfg = Release|Any CPU
		{1957C204-D206-4974-904E-BF435978AD3E}.Release|Any CPU.Build.0 = Release|Any CPU
		{4DCB9CF7-8FF6-426C-8137-ECAFB8ACF106}.Debug|Any CPU.ActiveCfg = Debug|Any CPU
		{4DCB9CF7-8FF6-426C-8137-ECAFB8ACF106}.Debug|Any CPU.Build.0 = Debug|Any CPU
		{4DCB9CF7-8FF6-426C-8137-ECAFB8ACF106}.Release|Any CPU.ActiveCfg = Release|Any CPU
		{4DCB9CF7-8FF6-426C-8137-ECAFB8ACF106}.Release|Any CPU.Build.0 = Release|Any CPU
		{9E365884-C4AB-4E45-9444-C108D4C51F50}.Debug|Any CPU.ActiveCfg = Debug|Any CPU
		{9E365884-C4AB-4E45-9444-C108D4C51F50}.Debug|Any CPU.Build.0 = Debug|Any CPU
		{9E365884-C4AB-4E45-9444-C108D4C51F50}.Release|Any CPU.ActiveCfg = Release|Any CPU
		{9E365884-C4AB-4E45-9444-C108D4C51F50}.Release|Any CPU.Build.0 = Release|Any CPU
		{8653EC68-94F8-4155-98AC-D8998221B68C}.Debug|Any CPU.ActiveCfg = Debug|Any CPU
		{8653EC68-94F8-4155-98AC-D8998221B68C}.Debug|Any CPU.Build.0 = Debug|Any CPU
		{8653EC68-94F8-4155-98AC-D8998221B68C}.Release|Any CPU.ActiveCfg = Release|Any CPU
		{8653EC68-94F8-4155-98AC-D8998221B68C}.Release|Any CPU.Build.0 = Release|Any CPU
		{CF8D620C-44A9-44F7-AFF2-D7E1F1622E81}.Debug|Any CPU.ActiveCfg = Debug|Any CPU
		{CF8D620C-44A9-44F7-AFF2-D7E1F1622E81}.Debug|Any CPU.Build.0 = Debug|Any CPU
		{CF8D620C-44A9-44F7-AFF2-D7E1F1622E81}.Release|Any CPU.ActiveCfg = Release|Any CPU
		{CF8D620C-44A9-44F7-AFF2-D7E1F1622E81}.Release|Any CPU.Build.0 = Release|Any CPU
		{5F2D6343-042F-4C8B-9A40-47F6F3175BFA}.Debug|Any CPU.ActiveCfg = Debug|Any CPU
		{5F2D6343-042F-4C8B-9A40-47F6F3175BFA}.Debug|Any CPU.Build.0 = Debug|Any CPU
		{5F2D6343-042F-4C8B-9A40-47F6F3175BFA}.Release|Any CPU.ActiveCfg = Release|Any CPU
		{5F2D6343-042F-4C8B-9A40-47F6F3175BFA}.Release|Any CPU.Build.0 = Release|Any CPU
		{0F028790-D541-4660-B952-F184F91E9994}.Debug|Any CPU.ActiveCfg = Debug|Any CPU
		{0F028790-D541-4660-B952-F184F91E9994}.Debug|Any CPU.Build.0 = Debug|Any CPU
		{0F028790-D541-4660-B952-F184F91E9994}.Release|Any CPU.ActiveCfg = Release|Any CPU
		{0F028790-D541-4660-B952-F184F91E9994}.Release|Any CPU.Build.0 = Release|Any CPU
		{7FCA7605-C53C-4712-B732-B7A3112DA023}.Debug|Any CPU.ActiveCfg = Debug|Any CPU
		{7FCA7605-C53C-4712-B732-B7A3112DA023}.Debug|Any CPU.Build.0 = Debug|Any CPU
		{7FCA7605-C53C-4712-B732-B7A3112DA023}.Release|Any CPU.ActiveCfg = Release|Any CPU
		{7FCA7605-C53C-4712-B732-B7A3112DA023}.Release|Any CPU.Build.0 = Release|Any CPU
		{823DCCFD-242B-4DF0-9F98-E11BB8BDEDE0}.Debug|Any CPU.ActiveCfg = Debug|Any CPU
		{823DCCFD-242B-4DF0-9F98-E11BB8BDEDE0}.Debug|Any CPU.Build.0 = Debug|Any CPU
		{823DCCFD-242B-4DF0-9F98-E11BB8BDEDE0}.Release|Any CPU.ActiveCfg = Release|Any CPU
		{823DCCFD-242B-4DF0-9F98-E11BB8BDEDE0}.Release|Any CPU.Build.0 = Release|Any CPU
		{BC78A5E3-475F-4435-A0F5-2B55D2A5AE71}.Debug|Any CPU.ActiveCfg = Debug|Any CPU
		{BC78A5E3-475F-4435-A0F5-2B55D2A5AE71}.Debug|Any CPU.Build.0 = Debug|Any CPU
		{BC78A5E3-475F-4435-A0F5-2B55D2A5AE71}.Release|Any CPU.ActiveCfg = Release|Any CPU
		{BC78A5E3-475F-4435-A0F5-2B55D2A5AE71}.Release|Any CPU.Build.0 = Release|Any CPU
		{AB3FC9BD-C3B1-4517-9C57-1931FB99B8C4}.Debug|Any CPU.ActiveCfg = Debug|Any CPU
		{AB3FC9BD-C3B1-4517-9C57-1931FB99B8C4}.Debug|Any CPU.Build.0 = Debug|Any CPU
		{AB3FC9BD-C3B1-4517-9C57-1931FB99B8C4}.Release|Any CPU.ActiveCfg = Release|Any CPU
		{AB3FC9BD-C3B1-4517-9C57-1931FB99B8C4}.Release|Any CPU.Build.0 = Release|Any CPU
		{AC88E038-855C-423A-A3A0-E6C25EECA673}.Debug|Any CPU.ActiveCfg = Debug|Any CPU
		{AC88E038-855C-423A-A3A0-E6C25EECA673}.Debug|Any CPU.Build.0 = Debug|Any CPU
		{AC88E038-855C-423A-A3A0-E6C25EECA673}.Release|Any CPU.ActiveCfg = Release|Any CPU
		{AC88E038-855C-423A-A3A0-E6C25EECA673}.Release|Any CPU.Build.0 = Release|Any CPU
		{8E23C8BF-EB1D-4E80-97DF-B2E94502F3B4}.Debug|Any CPU.ActiveCfg = Debug|Any CPU
		{8E23C8BF-EB1D-4E80-97DF-B2E94502F3B4}.Debug|Any CPU.Build.0 = Debug|Any CPU
		{8E23C8BF-EB1D-4E80-97DF-B2E94502F3B4}.Release|Any CPU.ActiveCfg = Release|Any CPU
		{8E23C8BF-EB1D-4E80-97DF-B2E94502F3B4}.Release|Any CPU.Build.0 = Release|Any CPU
		{650B0622-1820-45BA-A47B-71031CC006C4}.Debug|Any CPU.ActiveCfg = Debug|Any CPU
		{650B0622-1820-45BA-A47B-71031CC006C4}.Debug|Any CPU.Build.0 = Debug|Any CPU
		{650B0622-1820-45BA-A47B-71031CC006C4}.Release|Any CPU.ActiveCfg = Release|Any CPU
		{650B0622-1820-45BA-A47B-71031CC006C4}.Release|Any CPU.Build.0 = Release|Any CPU
		{81BF3833-4241-4EF6-B6D3-DC96CBE65C57}.Debug|Any CPU.ActiveCfg = Debug|Any CPU
		{81BF3833-4241-4EF6-B6D3-DC96CBE65C57}.Debug|Any CPU.Build.0 = Debug|Any CPU
		{81BF3833-4241-4EF6-B6D3-DC96CBE65C57}.Release|Any CPU.ActiveCfg = Release|Any CPU
		{81BF3833-4241-4EF6-B6D3-DC96CBE65C57}.Release|Any CPU.Build.0 = Release|Any CPU
		{BBFFB5CF-D40D-4DE9-A744-251B2E4A7D46}.Debug|Any CPU.ActiveCfg = Debug|Any CPU
		{BBFFB5CF-D40D-4DE9-A744-251B2E4A7D46}.Debug|Any CPU.Build.0 = Debug|Any CPU
		{BBFFB5CF-D40D-4DE9-A744-251B2E4A7D46}.Release|Any CPU.ActiveCfg = Release|Any CPU
		{BBFFB5CF-D40D-4DE9-A744-251B2E4A7D46}.Release|Any CPU.Build.0 = Release|Any CPU
		{A0889129-C57E-4578-BC27-9AF0E1A2F03C}.Debug|Any CPU.ActiveCfg = Debug|Any CPU
		{A0889129-C57E-4578-BC27-9AF0E1A2F03C}.Debug|Any CPU.Build.0 = Debug|Any CPU
		{A0889129-C57E-4578-BC27-9AF0E1A2F03C}.Release|Any CPU.ActiveCfg = Release|Any CPU
		{A0889129-C57E-4578-BC27-9AF0E1A2F03C}.Release|Any CPU.Build.0 = Release|Any CPU
		{66E74E40-EDD5-4553-A532-C729487C3B93}.Debug|Any CPU.ActiveCfg = Debug|Any CPU
		{66E74E40-EDD5-4553-A532-C729487C3B93}.Debug|Any CPU.Build.0 = Debug|Any CPU
		{66E74E40-EDD5-4553-A532-C729487C3B93}.Release|Any CPU.ActiveCfg = Release|Any CPU
		{66E74E40-EDD5-4553-A532-C729487C3B93}.Release|Any CPU.Build.0 = Release|Any CPU
		{87C8F5BA-D4AD-48D1-8E10-F930349DA6F2}.Debug|Any CPU.ActiveCfg = Debug|Any CPU
		{87C8F5BA-D4AD-48D1-8E10-F930349DA6F2}.Debug|Any CPU.Build.0 = Debug|Any CPU
		{87C8F5BA-D4AD-48D1-8E10-F930349DA6F2}.Release|Any CPU.ActiveCfg = Release|Any CPU
		{87C8F5BA-D4AD-48D1-8E10-F930349DA6F2}.Release|Any CPU.Build.0 = Release|Any CPU
		{B0588D65-35E8-4726-BE0D-7669A36FCC01}.Debug|Any CPU.ActiveCfg = Debug|Any CPU
		{B0588D65-35E8-4726-BE0D-7669A36FCC01}.Debug|Any CPU.Build.0 = Debug|Any CPU
		{B0588D65-35E8-4726-BE0D-7669A36FCC01}.Release|Any CPU.ActiveCfg = Release|Any CPU
		{B0588D65-35E8-4726-BE0D-7669A36FCC01}.Release|Any CPU.Build.0 = Release|Any CPU
		{8B3D96B3-EA70-4A0E-BA6B-9B60FB184CD1}.Debug|Any CPU.ActiveCfg = Debug|Any CPU
		{8B3D96B3-EA70-4A0E-BA6B-9B60FB184CD1}.Debug|Any CPU.Build.0 = Debug|Any CPU
		{8B3D96B3-EA70-4A0E-BA6B-9B60FB184CD1}.Release|Any CPU.ActiveCfg = Release|Any CPU
		{8B3D96B3-EA70-4A0E-BA6B-9B60FB184CD1}.Release|Any CPU.Build.0 = Release|Any CPU
		{71F323A6-B43B-411F-B09E-D8152368A601}.Debug|Any CPU.ActiveCfg = Debug|Any CPU
		{71F323A6-B43B-411F-B09E-D8152368A601}.Debug|Any CPU.Build.0 = Debug|Any CPU
		{71F323A6-B43B-411F-B09E-D8152368A601}.Release|Any CPU.ActiveCfg = Release|Any CPU
		{71F323A6-B43B-411F-B09E-D8152368A601}.Release|Any CPU.Build.0 = Release|Any CPU
		{33ED04BD-40F1-4649-B70E-01E548D86584}.Debug|Any CPU.ActiveCfg = Debug|Any CPU
		{33ED04BD-40F1-4649-B70E-01E548D86584}.Debug|Any CPU.Build.0 = Debug|Any CPU
		{33ED04BD-40F1-4649-B70E-01E548D86584}.Release|Any CPU.ActiveCfg = Release|Any CPU
		{33ED04BD-40F1-4649-B70E-01E548D86584}.Release|Any CPU.Build.0 = Release|Any CPU
		{4101F062-F079-42A3-881A-C6E059D7DDC1}.Debug|Any CPU.ActiveCfg = Debug|Any CPU
		{4101F062-F079-42A3-881A-C6E059D7DDC1}.Debug|Any CPU.Build.0 = Debug|Any CPU
		{4101F062-F079-42A3-881A-C6E059D7DDC1}.Release|Any CPU.ActiveCfg = Release|Any CPU
		{4101F062-F079-42A3-881A-C6E059D7DDC1}.Release|Any CPU.Build.0 = Release|Any CPU
		{1B35E6E2-2C44-40F9-91DB-26E4583BB94A}.Debug|Any CPU.ActiveCfg = Debug|Any CPU
		{1B35E6E2-2C44-40F9-91DB-26E4583BB94A}.Debug|Any CPU.Build.0 = Debug|Any CPU
		{1B35E6E2-2C44-40F9-91DB-26E4583BB94A}.Release|Any CPU.ActiveCfg = Release|Any CPU
		{1B35E6E2-2C44-40F9-91DB-26E4583BB94A}.Release|Any CPU.Build.0 = Release|Any CPU
	EndGlobalSection
	GlobalSection(SolutionProperties) = preSolution
		HideSolutionNode = FALSE
	EndGlobalSection
	GlobalSection(ExtensibilityGlobals) = postSolution
		SolutionGuid = {34D0137F-24AA-4194-A291-A18704A8BC21}
	EndGlobalSection
EndGlobal
